
Microsoft Visual Studio Solution File, Format Version 12.00
# Visual Studio Version 17
VisualStudioVersion = 17.13.35825.156 d17.13
MinimumVisualStudioVersion = 10.0.40219.1
Project("{FAE04EC0-301F-11D3-BF4B-00C04F79EFBC}") = "GundoTravels_69644241", "GundoTravels_69644241.csproj", "{134F8873-2F7F-491B-8789-48411386DEAE}"
EndProject
Global
	GlobalSection(SolutionConfigurationPlatforms) = preSolution
		Debug|Any CPU = Debug|Any CPU
		Release|Any CPU = Release|Any CPU
	EndGlobalSection
	GlobalSection(ProjectConfigurationPlatforms) = postSolution
		{134F8873-2F7F-491B-8789-48411386DEAE}.Debug|Any CPU.ActiveCfg = Debug|Any CPU
		{134F8873-2F7F-491B-8789-48411386DEAE}.Debug|Any CPU.Build.0 = Debug|Any CPU
		{134F8873-2F7F-491B-8789-48411386DEAE}.Release|Any CPU.ActiveCfg = Release|Any CPU
		{134F8873-2F7F-491B-8789-48411386DEAE}.Release|Any CPU.Build.0 = Release|Any CPU
	EndGlobalSection
	GlobalSection(SolutionProperties) = preSolution
		HideSolutionNode = FALSE
	EndGlobalSection
	GlobalSection(ExtensibilityGlobals) = postSolution
		SolutionGuid = {0E77B5AC-10B9-4EE2-B1D7-4A421BF734F4}
	EndGlobalSection
EndGlobal
